
Microsoft Visual Studio Solution File, Format Version 12.00
# Visual Studio Version 17
VisualStudioVersion = 17.7.34221.43
MinimumVisualStudioVersion = 10.0.40219.1
Project("{FAE04EC0-301F-11D3-BF4B-00C04F79EFBC}") = "InputOperations", "InputOperations\InputOperations.csproj", "{2DE16517-85A8-4405-A810-AB963369732C}"
EndProject
Global
	GlobalSection(SolutionConfigurationPlatforms) = preSolution
		Debug|Any CPU = Debug|Any CPU
		Release|Any CPU = Release|Any CPU
	EndGlobalSection
	GlobalSection(ProjectConfigurationPlatforms) = postSolution
		{2DE16517-85A8-4405-A810-AB963369732C}.Debug|Any CPU.ActiveCfg = Debug|Any CPU
		{2DE16517-85A8-4405-A810-AB963369732C}.Debug|Any CPU.Build.0 = Debug|Any CPU
		{2DE16517-85A8-4405-A810-AB963369732C}.Release|Any CPU.ActiveCfg = Release|Any CPU
		{2DE16517-85A8-4405-A810-AB963369732C}.Release|Any CPU.Build.0 = Release|Any CPU
	EndGlobalSection
	GlobalSection(SolutionProperties) = preSolution
		HideSolutionNode = FALSE
	EndGlobalSection
	GlobalSection(ExtensibilityGlobals) = postSolution
		SolutionGuid = {7DE1D8D8-3E7A-4A2F-B831-72E7DE7817E1}
	EndGlobalSection
EndGlobal
